
Microsoft Visual Studio Solution File, Format Version 12.00
# Visual Studio Version 16
VisualStudioVersion = 16.0.33423.256
MinimumVisualStudioVersion = 10.0.40219.1
Project("{FAE04EC0-301F-11D3-BF4B-00C04F79EFBC}") = "PreubasNetCore", "PreubasNetCore.csproj", "{657DF16C-937D-4EC9-9A20-027AD147C60B}"
EndProject
Global
	GlobalSection(SolutionConfigurationPlatforms) = preSolution
		Debug|Any CPU = Debug|Any CPU
		Release|Any CPU = Release|Any CPU
	EndGlobalSection
	GlobalSection(ProjectConfigurationPlatforms) = postSolution
		{657DF16C-937D-4EC9-9A20-027AD147C60B}.Debug|Any CPU.ActiveCfg = Debug|Any CPU
		{657DF16C-937D-4EC9-9A20-027AD147C60B}.Debug|Any CPU.Build.0 = Debug|Any CPU
		{657DF16C-937D-4EC9-9A20-027AD147C60B}.Release|Any CPU.ActiveCfg = Release|Any CPU
		{657DF16C-937D-4EC9-9A20-027AD147C60B}.Release|Any CPU.Build.0 = Release|Any CPU
	EndGlobalSection
	GlobalSection(SolutionProperties) = preSolution
		HideSolutionNode = FALSE
	EndGlobalSection
	GlobalSection(ExtensibilityGlobals) = postSolution
		SolutionGuid = {731305F1-C1FA-446D-95B0-DDA12061BE43}
	EndGlobalSection
EndGlobal
